// !$*UTF8*$!
{
	archiveVersion = 1;
	classes = {
	};
	objectVersion = 56;
	objects = {

/* Begin PBXBuildFile section */
		994339102B80F31F003B1DC4 /* SettingsView.swift in Sources */ = {isa = PBXBuildFile; fileRef = 9943390F2B80F31F003B1DC4 /* SettingsView.swift */; };
		994339182B8122EA003B1DC4 /* updateMigratedLogsList.swift in Sources */ = {isa = PBXBuildFile; fileRef = 994339172B8122EA003B1DC4 /* updateMigratedLogsList.swift */; };
		99741DF12B726EEA008AD9FF /* LogsListView.swift in Sources */ = {isa = PBXBuildFile; fileRef = 99741DF02B726EEA008AD9FF /* LogsListView.swift */; };
		99741DF32B727045008AD9FF /* NewLogEntryButtonView.swift in Sources */ = {isa = PBXBuildFile; fileRef = 99741DF22B727045008AD9FF /* NewLogEntryButtonView.swift */; };
		99741DF52B727132008AD9FF /* LogsToolbarView.swift in Sources */ = {isa = PBXBuildFile; fileRef = 99741DF42B727132008AD9FF /* LogsToolbarView.swift */; };
		99741DF72B727238008AD9FF /* NewLogEntryNoteView.swift in Sources */ = {isa = PBXBuildFile; fileRef = 99741DF62B727238008AD9FF /* NewLogEntryNoteView.swift */; };
		99741DF92B7274D3008AD9FF /* FabButtonView.swift in Sources */ = {isa = PBXBuildFile; fileRef = 99741DF82B7274D3008AD9FF /* FabButtonView.swift */; };
		997923E32B83CF77004714DA /* scheduleMigrationNotification.swift in Sources */ = {isa = PBXBuildFile; fileRef = 997923E22B83CF77004714DA /* scheduleMigrationNotification.swift */; };
		99D34C7D2B6686ED0095CE6C /* JoexApp.swift in Sources */ = {isa = PBXBuildFile; fileRef = 99D34C7C2B6686ED0095CE6C /* JoexApp.swift */; };
		99D34C7F2B6686ED0095CE6C /* ContentView.swift in Sources */ = {isa = PBXBuildFile; fileRef = 99D34C7E2B6686ED0095CE6C /* ContentView.swift */; };
		99D34C812B6686EE0095CE6C /* Assets.xcassets in Resources */ = {isa = PBXBuildFile; fileRef = 99D34C802B6686EE0095CE6C /* Assets.xcassets */; };
		99D34C842B6686EE0095CE6C /* Preview Assets.xcassets in Resources */ = {isa = PBXBuildFile; fileRef = 99D34C832B6686EE0095CE6C /* Preview Assets.xcassets */; };
		99D34C8C2B66C52B0095CE6C /* LogEntry.swift in Sources */ = {isa = PBXBuildFile; fileRef = 99D34C8B2B66C52B0095CE6C /* LogEntry.swift */; };
		99D34C902B66DADF0095CE6C /* LogEntryView.swift in Sources */ = {isa = PBXBuildFile; fileRef = 99D34C8F2B66DADF0095CE6C /* LogEntryView.swift */; };
		99F04AD82B70025500F344B7 /* AddLogEntryNoteIntent.swift in Sources */ = {isa = PBXBuildFile; fileRef = 99F04AD72B70025500F344B7 /* AddLogEntryNoteIntent.swift */; };
		99F04ADA2B70033600F344B7 /* JoexShortcuts.swift in Sources */ = {isa = PBXBuildFile; fileRef = 99F04AD92B70033600F344B7 /* JoexShortcuts.swift */; };
		99FF20FD2B71945200C6AC15 /* MigrationView.swift in Sources */ = {isa = PBXBuildFile; fileRef = 99FF20FC2B71945200C6AC15 /* MigrationView.swift */; };
/* End PBXBuildFile section */

/* Begin PBXFileReference section */
		9943390F2B80F31F003B1DC4 /* SettingsView.swift */ = {isa = PBXFileReference; lastKnownFileType = sourcecode.swift; path = SettingsView.swift; sourceTree = "<group>"; };
		994339172B8122EA003B1DC4 /* updateMigratedLogsList.swift */ = {isa = PBXFileReference; lastKnownFileType = sourcecode.swift; path = updateMigratedLogsList.swift; sourceTree = "<group>"; };
		99741DF02B726EEA008AD9FF /* LogsListView.swift */ = {isa = PBXFileReference; lastKnownFileType = sourcecode.swift; path = LogsListView.swift; sourceTree = "<group>"; };
		99741DF22B727045008AD9FF /* NewLogEntryButtonView.swift */ = {isa = PBXFileReference; lastKnownFileType = sourcecode.swift; path = NewLogEntryButtonView.swift; sourceTree = "<group>"; };
		99741DF42B727132008AD9FF /* LogsToolbarView.swift */ = {isa = PBXFileReference; lastKnownFileType = sourcecode.swift; path = LogsToolbarView.swift; sourceTree = "<group>"; };
		99741DF62B727238008AD9FF /* NewLogEntryNoteView.swift */ = {isa = PBXFileReference; lastKnownFileType = sourcecode.swift; path = NewLogEntryNoteView.swift; sourceTree = "<group>"; };
		99741DF82B7274D3008AD9FF /* FabButtonView.swift */ = {isa = PBXFileReference; lastKnownFileType = sourcecode.swift; path = FabButtonView.swift; sourceTree = "<group>"; };
		997923E22B83CF77004714DA /* scheduleMigrationNotification.swift */ = {isa = PBXFileReference; lastKnownFileType = sourcecode.swift; path = scheduleMigrationNotification.swift; sourceTree = "<group>"; };
		99D34C792B6686ED0095CE6C /* Joex.app */ = {isa = PBXFileReference; explicitFileType = wrapper.application; includeInIndex = 0; path = Joex.app; sourceTree = BUILT_PRODUCTS_DIR; };
		99D34C7C2B6686ED0095CE6C /* JoexApp.swift */ = {isa = PBXFileReference; lastKnownFileType = sourcecode.swift; path = JoexApp.swift; sourceTree = "<group>"; };
		99D34C7E2B6686ED0095CE6C /* ContentView.swift */ = {isa = PBXFileReference; lastKnownFileType = sourcecode.swift; path = ContentView.swift; sourceTree = "<group>"; };
		99D34C802B6686EE0095CE6C /* Assets.xcassets */ = {isa = PBXFileReference; lastKnownFileType = folder.assetcatalog; path = Assets.xcassets; sourceTree = "<group>"; };
		99D34C832B6686EE0095CE6C /* Preview Assets.xcassets */ = {isa = PBXFileReference; lastKnownFileType = folder.assetcatalog; path = "Preview Assets.xcassets"; sourceTree = "<group>"; };
		99D34C8B2B66C52B0095CE6C /* LogEntry.swift */ = {isa = PBXFileReference; lastKnownFileType = sourcecode.swift; path = LogEntry.swift; sourceTree = "<group>"; };
		99D34C8F2B66DADF0095CE6C /* LogEntryView.swift */ = {isa = PBXFileReference; lastKnownFileType = sourcecode.swift; path = LogEntryView.swift; sourceTree = "<group>"; };
		99F04AD72B70025500F344B7 /* AddLogEntryNoteIntent.swift */ = {isa = PBXFileReference; lastKnownFileType = sourcecode.swift; path = AddLogEntryNoteIntent.swift; sourceTree = "<group>"; };
		99F04AD92B70033600F344B7 /* JoexShortcuts.swift */ = {isa = PBXFileReference; lastKnownFileType = sourcecode.swift; path = JoexShortcuts.swift; sourceTree = "<group>"; };
		99FF20FC2B71945200C6AC15 /* MigrationView.swift */ = {isa = PBXFileReference; lastKnownFileType = sourcecode.swift; path = MigrationView.swift; sourceTree = "<group>"; };
/* End PBXFileReference section */

/* Begin PBXFrameworksBuildPhase section */
		99D34C762B6686ED0095CE6C /* Frameworks */ = {
			isa = PBXFrameworksBuildPhase;
			buildActionMask = 2147483647;
			files = (
			);
			runOnlyForDeploymentPostprocessing = 0;
		};
/* End PBXFrameworksBuildPhase section */

/* Begin PBXGroup section */
		994339112B811B46003B1DC4 /* Migration */ = {
			isa = PBXGroup;
			children = (
				99FF20FC2B71945200C6AC15 /* MigrationView.swift */,
			);
			path = Migration;
			sourceTree = "<group>";
		};
		994339132B811DF4003B1DC4 /* Home */ = {
			isa = PBXGroup;
			children = (
				99741DF02B726EEA008AD9FF /* LogsListView.swift */,
				99D34C8F2B66DADF0095CE6C /* LogEntryView.swift */,
				99741DF42B727132008AD9FF /* LogsToolbarView.swift */,
				99741DF22B727045008AD9FF /* NewLogEntryButtonView.swift */,
				99741DF62B727238008AD9FF /* NewLogEntryNoteView.swift */,
				99D34C7E2B6686ED0095CE6C /* ContentView.swift */,
			);
			path = Home;
			sourceTree = "<group>";
		};
		994339142B811E0D003B1DC4 /* Common */ = {
			isa = PBXGroup;
			children = (
				99741DF82B7274D3008AD9FF /* FabButtonView.swift */,
			);
			path = Common;
			sourceTree = "<group>";
		};
		994339152B811E57003B1DC4 /* Settings */ = {
			isa = PBXGroup;
			children = (
				9943390F2B80F31F003B1DC4 /* SettingsView.swift */,
			);
			path = Settings;
			sourceTree = "<group>";
		};
		994339162B8122D4003B1DC4 /* Functions */ = {
			isa = PBXGroup;
			children = (
				994339172B8122EA003B1DC4 /* updateMigratedLogsList.swift */,
				997923E22B83CF77004714DA /* scheduleMigrationNotification.swift */,
			);
			path = Functions;
			sourceTree = "<group>";
		};
		99D34C702B6686ED0095CE6C = {
			isa = PBXGroup;
			children = (
				99D34C7B2B6686ED0095CE6C /* Joex */,
				99D34C7A2B6686ED0095CE6C /* Products */,
			);
			sourceTree = "<group>";
		};
		99D34C7A2B6686ED0095CE6C /* Products */ = {
			isa = PBXGroup;
			children = (
				99D34C792B6686ED0095CE6C /* Joex.app */,
			);
			name = Products;
			sourceTree = "<group>";
		};
		99D34C7B2B6686ED0095CE6C /* Joex */ = {
			isa = PBXGroup;
			children = (
				994339162B8122D4003B1DC4 /* Functions */,
				99F04AD62B70020000F344B7 /* Intents */,
				99D34C8D2B66D1520095CE6C /* Views */,
				99D34C8A2B66C5180095CE6C /* Models */,
				99D34C7C2B6686ED0095CE6C /* JoexApp.swift */,
				99D34C802B6686EE0095CE6C /* Assets.xcassets */,
				99D34C822B6686EE0095CE6C /* Preview Content */,
			);
			path = Joex;
			sourceTree = "<group>";
		};
		99D34C822B6686EE0095CE6C /* Preview Content */ = {
			isa = PBXGroup;
			children = (
				99D34C832B6686EE0095CE6C /* Preview Assets.xcassets */,
			);
			path = "Preview Content";
			sourceTree = "<group>";
		};
		99D34C8A2B66C5180095CE6C /* Models */ = {
			isa = PBXGroup;
			children = (
				99D34C8B2B66C52B0095CE6C /* LogEntry.swift */,
			);
			path = Models;
			sourceTree = "<group>";
		};
		99D34C8D2B66D1520095CE6C /* Views */ = {
			isa = PBXGroup;
			children = (
				994339152B811E57003B1DC4 /* Settings */,
				994339142B811E0D003B1DC4 /* Common */,
				994339132B811DF4003B1DC4 /* Home */,
				994339112B811B46003B1DC4 /* Migration */,
			);
			path = Views;
			sourceTree = "<group>";
		};
		99F04AD62B70020000F344B7 /* Intents */ = {
			isa = PBXGroup;
			children = (
				99F04AD72B70025500F344B7 /* AddLogEntryNoteIntent.swift */,
				99F04AD92B70033600F344B7 /* JoexShortcuts.swift */,
			);
			path = Intents;
			sourceTree = "<group>";
		};
/* End PBXGroup section */

/* Begin PBXNativeTarget section */
		99D34C782B6686ED0095CE6C /* Joex */ = {
			isa = PBXNativeTarget;
			buildConfigurationList = 99D34C872B6686EE0095CE6C /* Build configuration list for PBXNativeTarget "Joex" */;
			buildPhases = (
				99D34C752B6686ED0095CE6C /* Sources */,
				99D34C762B6686ED0095CE6C /* Frameworks */,
				99D34C772B6686ED0095CE6C /* Resources */,
			);
			buildRules = (
			);
			dependencies = (
			);
			name = Joex;
			productName = Joex;
			productReference = 99D34C792B6686ED0095CE6C /* Joex.app */;
			productType = "com.apple.product-type.application";
		};
/* End PBXNativeTarget section */

/* Begin PBXProject section */
		99D34C712B6686ED0095CE6C /* Project object */ = {
			isa = PBXProject;
			attributes = {
				BuildIndependentTargetsInParallel = 1;
				LastSwiftUpdateCheck = 1520;
				LastUpgradeCheck = 1520;
				TargetAttributes = {
					99D34C782B6686ED0095CE6C = {
						CreatedOnToolsVersion = 15.2;
					};
				};
			};
			buildConfigurationList = 99D34C742B6686ED0095CE6C /* Build configuration list for PBXProject "Joex" */;
			compatibilityVersion = "Xcode 14.0";
			developmentRegion = en;
			hasScannedForEncodings = 0;
			knownRegions = (
				en,
				Base,
			);
			mainGroup = 99D34C702B6686ED0095CE6C;
			productRefGroup = 99D34C7A2B6686ED0095CE6C /* Products */;
			projectDirPath = "";
			projectRoot = "";
			targets = (
				99D34C782B6686ED0095CE6C /* Joex */,
			);
		};
/* End PBXProject section */

/* Begin PBXResourcesBuildPhase section */
		99D34C772B6686ED0095CE6C /* Resources */ = {
			isa = PBXResourcesBuildPhase;
			buildActionMask = 2147483647;
			files = (
				99D34C842B6686EE0095CE6C /* Preview Assets.xcassets in Resources */,
				99D34C812B6686EE0095CE6C /* Assets.xcassets in Resources */,
			);
			runOnlyForDeploymentPostprocessing = 0;
		};
/* End PBXResourcesBuildPhase section */

/* Begin PBXSourcesBuildPhase section */
		99D34C752B6686ED0095CE6C /* Sources */ = {
			isa = PBXSourcesBuildPhase;
			buildActionMask = 2147483647;
			files = (
				99741DF12B726EEA008AD9FF /* LogsListView.swift in Sources */,
				99D34C902B66DADF0095CE6C /* LogEntryView.swift in Sources */,
				99FF20FD2B71945200C6AC15 /* MigrationView.swift in Sources */,
				99D34C7F2B6686ED0095CE6C /* ContentView.swift in Sources */,
				99F04AD82B70025500F344B7 /* AddLogEntryNoteIntent.swift in Sources */,
				99741DF32B727045008AD9FF /* NewLogEntryButtonView.swift in Sources */,
				99F04ADA2B70033600F344B7 /* JoexShortcuts.swift in Sources */,
				99D34C7D2B6686ED0095CE6C /* JoexApp.swift in Sources */,
				99D34C8C2B66C52B0095CE6C /* LogEntry.swift in Sources */,
				997923E32B83CF77004714DA /* scheduleMigrationNotification.swift in Sources */,
				99741DF72B727238008AD9FF /* NewLogEntryNoteView.swift in Sources */,
				99741DF92B7274D3008AD9FF /* FabButtonView.swift in Sources */,
				99741DF52B727132008AD9FF /* LogsToolbarView.swift in Sources */,
				994339182B8122EA003B1DC4 /* updateMigratedLogsList.swift in Sources */,
				994339102B80F31F003B1DC4 /* SettingsView.swift in Sources */,
			);
			runOnlyForDeploymentPostprocessing = 0;
		};
/* End PBXSourcesBuildPhase section */

/* Begin XCBuildConfiguration section */
		99D34C852B6686EE0095CE6C /* Debug */ = {
			isa = XCBuildConfiguration;
			buildSettings = {
				ALWAYS_SEARCH_USER_PATHS = NO;
				ASSETCATALOG_COMPILER_GENERATE_SWIFT_ASSET_SYMBOL_EXTENSIONS = YES;
				CLANG_ANALYZER_NONNULL = YES;
				CLANG_ANALYZER_NUMBER_OBJECT_CONVERSION = YES_AGGRESSIVE;
				CLANG_CXX_LANGUAGE_STANDARD = "gnu++20";
				CLANG_ENABLE_MODULES = YES;
				CLANG_ENABLE_OBJC_ARC = YES;
				CLANG_ENABLE_OBJC_WEAK = YES;
				CLANG_WARN_BLOCK_CAPTURE_AUTORELEASING = YES;
				CLANG_WARN_BOOL_CONVERSION = YES;
				CLANG_WARN_COMMA = YES;
				CLANG_WARN_CONSTANT_CONVERSION = YES;
				CLANG_WARN_DEPRECATED_OBJC_IMPLEMENTATIONS = YES;
				CLANG_WARN_DIRECT_OBJC_ISA_USAGE = YES_ERROR;
				CLANG_WARN_DOCUMENTATION_COMMENTS = YES;
				CLANG_WARN_EMPTY_BODY = YES;
				CLANG_WARN_ENUM_CONVERSION = YES;
				CLANG_WARN_INFINITE_RECURSION = YES;
				CLANG_WARN_INT_CONVERSION = YES;
				CLANG_WARN_NON_LITERAL_NULL_CONVERSION = YES;
				CLANG_WARN_OBJC_IMPLICIT_RETAIN_SELF = YES;
				CLANG_WARN_OBJC_LITERAL_CONVERSION = YES;
				CLANG_WARN_OBJC_ROOT_CLASS = YES_ERROR;
				CLANG_WARN_QUOTED_INCLUDE_IN_FRAMEWORK_HEADER = YES;
				CLANG_WARN_RANGE_LOOP_ANALYSIS = YES;
				CLANG_WARN_STRICT_PROTOTYPES = YES;
				CLANG_WARN_SUSPICIOUS_MOVE = YES;
				CLANG_WARN_UNGUARDED_AVAILABILITY = YES_AGGRESSIVE;
				CLANG_WARN_UNREACHABLE_CODE = YES;
				CLANG_WARN__DUPLICATE_METHOD_MATCH = YES;
				COPY_PHASE_STRIP = NO;
				DEBUG_INFORMATION_FORMAT = dwarf;
				ENABLE_STRICT_OBJC_MSGSEND = YES;
				ENABLE_TESTABILITY = YES;
				ENABLE_USER_SCRIPT_SANDBOXING = YES;
				GCC_C_LANGUAGE_STANDARD = gnu17;
				GCC_DYNAMIC_NO_PIC = NO;
				GCC_NO_COMMON_BLOCKS = YES;
				GCC_OPTIMIZATION_LEVEL = 0;
				GCC_PREPROCESSOR_DEFINITIONS = (
					"DEBUG=1",
					"$(inherited)",
				);
				GCC_WARN_64_TO_32_BIT_CONVERSION = YES;
				GCC_WARN_ABOUT_RETURN_TYPE = YES_ERROR;
				GCC_WARN_UNDECLARED_SELECTOR = YES;
				GCC_WARN_UNINITIALIZED_AUTOS = YES_AGGRESSIVE;
				GCC_WARN_UNUSED_FUNCTION = YES;
				GCC_WARN_UNUSED_VARIABLE = YES;
				IPHONEOS_DEPLOYMENT_TARGET = 17.2;
				LOCALIZATION_PREFERS_STRING_CATALOGS = YES;
				MTL_ENABLE_DEBUG_INFO = INCLUDE_SOURCE;
				MTL_FAST_MATH = YES;
				ONLY_ACTIVE_ARCH = YES;
				SDKROOT = iphoneos;
				SWIFT_ACTIVE_COMPILATION_CONDITIONS = "DEBUG $(inherited)";
				SWIFT_OPTIMIZATION_LEVEL = "-Onone";
			};
			name = Debug;
		};
		99D34C862B6686EE0095CE6C /* Release */ = {
			isa = XCBuildConfiguration;
			buildSettings = {
				ALWAYS_SEARCH_USER_PATHS = NO;
				ASSETCATALOG_COMPILER_GENERATE_SWIFT_ASSET_SYMBOL_EXTENSIONS = YES;
				CLANG_ANALYZER_NONNULL = YES;
				CLANG_ANALYZER_NUMBER_OBJECT_CONVERSION = YES_AGGRESSIVE;
				CLANG_CXX_LANGUAGE_STANDARD = "gnu++20";
				CLANG_ENABLE_MODULES = YES;
				CLANG_ENABLE_OBJC_ARC = YES;
				CLANG_ENABLE_OBJC_WEAK = YES;
				CLANG_WARN_BLOCK_CAPTURE_AUTORELEASING = YES;
				CLANG_WARN_BOOL_CONVERSION = YES;
				CLANG_WARN_COMMA = YES;
				CLANG_WARN_CONSTANT_CONVERSION = YES;
				CLANG_WARN_DEPRECATED_OBJC_IMPLEMENTATIONS = YES;
				CLANG_WARN_DIRECT_OBJC_ISA_USAGE = YES_ERROR;
				CLANG_WARN_DOCUMENTATION_COMMENTS = YES;
				CLANG_WARN_EMPTY_BODY = YES;
				CLANG_WARN_ENUM_CONVERSION = YES;
				CLANG_WARN_INFINITE_RECURSION = YES;
				CLANG_WARN_INT_CONVERSION = YES;
				CLANG_WARN_NON_LITERAL_NULL_CONVERSION = YES;
				CLANG_WARN_OBJC_IMPLICIT_RETAIN_SELF = YES;
				CLANG_WARN_OBJC_LITERAL_CONVERSION = YES;
				CLANG_WARN_OBJC_ROOT_CLASS = YES_ERROR;
				CLANG_WARN_QUOTED_INCLUDE_IN_FRAMEWORK_HEADER = YES;
				CLANG_WARN_RANGE_LOOP_ANALYSIS = YES;
				CLANG_WARN_STRICT_PROTOTYPES = YES;
				CLANG_WARN_SUSPICIOUS_MOVE = YES;
				CLANG_WARN_UNGUARDED_AVAILABILITY = YES_AGGRESSIVE;
				CLANG_WARN_UNREACHABLE_CODE = YES;
				CLANG_WARN__DUPLICATE_METHOD_MATCH = YES;
				COPY_PHASE_STRIP = NO;
				DEBUG_INFORMATION_FORMAT = "dwarf-with-dsym";
				ENABLE_NS_ASSERTIONS = NO;
				ENABLE_STRICT_OBJC_MSGSEND = YES;
				ENABLE_USER_SCRIPT_SANDBOXING = YES;
				GCC_C_LANGUAGE_STANDARD = gnu17;
				GCC_NO_COMMON_BLOCKS = YES;
				GCC_WARN_64_TO_32_BIT_CONVERSION = YES;
				GCC_WARN_ABOUT_RETURN_TYPE = YES_ERROR;
				GCC_WARN_UNDECLARED_SELECTOR = YES;
				GCC_WARN_UNINITIALIZED_AUTOS = YES_AGGRESSIVE;
				GCC_WARN_UNUSED_FUNCTION = YES;
				GCC_WARN_UNUSED_VARIABLE = YES;
				IPHONEOS_DEPLOYMENT_TARGET = 17.2;
				LOCALIZATION_PREFERS_STRING_CATALOGS = YES;
				MTL_ENABLE_DEBUG_INFO = NO;
				MTL_FAST_MATH = YES;
				SDKROOT = iphoneos;
				SWIFT_COMPILATION_MODE = wholemodule;
				VALIDATE_PRODUCT = YES;
			};
			name = Release;
		};
		99D34C882B6686EE0095CE6C /* Debug */ = {
			isa = XCBuildConfiguration;
			buildSettings = {
				ASSETCATALOG_COMPILER_APPICON_NAME = AppIcon;
				ASSETCATALOG_COMPILER_GLOBAL_ACCENT_COLOR_NAME = AccentColor;
				CODE_SIGN_STYLE = Automatic;
				CURRENT_PROJECT_VERSION = 1;
				DEVELOPMENT_ASSET_PATHS = "\"Joex/Preview Content\"";
				DEVELOPMENT_TEAM = D3CP8WWW57;
				ENABLE_PREVIEWS = YES;
				GENERATE_INFOPLIST_FILE = YES;
				INFOPLIST_KEY_NSFaceIDUsageDescription = "A way to protect log entries you enter into the application.";
				INFOPLIST_KEY_UIApplicationSceneManifest_Generation = YES;
				INFOPLIST_KEY_UIApplicationSupportsIndirectInputEvents = YES;
				INFOPLIST_KEY_UILaunchScreen_Generation = YES;
				INFOPLIST_KEY_UISupportedInterfaceOrientations_iPad = "UIInterfaceOrientationPortrait UIInterfaceOrientationPortraitUpsideDown UIInterfaceOrientationLandscapeLeft UIInterfaceOrientationLandscapeRight";
				INFOPLIST_KEY_UISupportedInterfaceOrientations_iPhone = "UIInterfaceOrientationPortrait UIInterfaceOrientationLandscapeLeft UIInterfaceOrientationLandscapeRight";
				LD_RUNPATH_SEARCH_PATHS = (
					"$(inherited)",
					"@executable_path/Frameworks",
				);
				MARKETING_VERSION = 1.0;
				PRODUCT_BUNDLE_IDENTIFIER = com.sampittko.Joex;
				PRODUCT_NAME = "$(TARGET_NAME)";
				SWIFT_EMIT_LOC_STRINGS = YES;
				SWIFT_VERSION = 5.0;
				TARGETED_DEVICE_FAMILY = "1,2";
			};
			name = Debug;
		};
		99D34C892B6686EE0095CE6C /* Release */ = {
			isa = XCBuildConfiguration;
			buildSettings = {
				ASSETCATALOG_COMPILER_APPICON_NAME = AppIcon;
				ASSETCATALOG_COMPILER_GLOBAL_ACCENT_COLOR_NAME = AccentColor;
				CODE_SIGN_STYLE = Automatic;
				CURRENT_PROJECT_VERSION = 1;
				DEVELOPMENT_ASSET_PATHS = "\"Joex/Preview Content\"";
				DEVELOPMENT_TEAM = D3CP8WWW57;
				ENABLE_PREVIEWS = YES;
				GENERATE_INFOPLIST_FILE = YES;
				INFOPLIST_KEY_NSFaceIDUsageDescription = "A way to protect log entries you enter into the application.";
				INFOPLIST_KEY_UIApplicationSceneManifest_Generation = YES;
				INFOPLIST_KEY_UIApplicationSupportsIndirectInputEvents = YES;
				INFOPLIST_KEY_UILaunchScreen_Generation = YES;
				INFOPLIST_KEY_UISupportedInterfaceOrientations_iPad = "UIInterfaceOrientationPortrait UIInterfaceOrientationPortraitUpsideDown UIInterfaceOrientationLandscapeLeft UIInterfaceOrientationLandscapeRight";
				INFOPLIST_KEY_UISupportedInterfaceOrientations_iPhone = "UIInterfaceOrientationPortrait UIInterfaceOrientationLandscapeLeft UIInterfaceOrientationLandscapeRight";
				LD_RUNPATH_SEARCH_PATHS = (
					"$(inherited)",
					"@executable_path/Frameworks",
				);
				MARKETING_VERSION = 1.0;
				PRODUCT_BUNDLE_IDENTIFIER = com.sampittko.Joex;
				PRODUCT_NAME = "$(TARGET_NAME)";
				SWIFT_EMIT_LOC_STRINGS = YES;
				SWIFT_VERSION = 5.0;
				TARGETED_DEVICE_FAMILY = "1,2";
			};
			name = Release;
		};
/* End XCBuildConfiguration section */

/* Begin XCConfigurationList section */
		99D34C742B6686ED0095CE6C /* Build configuration list for PBXProject "Joex" */ = {
			isa = XCConfigurationList;
			buildConfigurations = (
				99D34C852B6686EE0095CE6C /* Debug */,
				99D34C862B6686EE0095CE6C /* Release */,
			);
			defaultConfigurationIsVisible = 0;
			defaultConfigurationName = Release;
		};
		99D34C872B6686EE0095CE6C /* Build configuration list for PBXNativeTarget "Joex" */ = {
			isa = XCConfigurationList;
			buildConfigurations = (
				99D34C882B6686EE0095CE6C /* Debug */,
				99D34C892B6686EE0095CE6C /* Release */,
			);
			defaultConfigurationIsVisible = 0;
			defaultConfigurationName = Release;
		};
/* End XCConfigurationList section */
	};
	rootObject = 99D34C712B6686ED0095CE6C /* Project object */;
}
